
Microsoft Visual Studio Solution File, Format Version 12.00
# Visual Studio Version 17
VisualStudioVersion = 17.8.34322.80
MinimumVisualStudioVersion = 10.0.40219.1
Project("{9A19103F-16F7-4668-BE54-9A1E7A4F7556}") = "Infrastructure", "infra\Infrastructure.csproj", "{3E6F6285-9003-4297-BAB2-11243D79915B}"
EndProject
Project("{9A19103F-16F7-4668-BE54-9A1E7A4F7556}") = "Domain", "domain\Domain.csproj", "{F249747A-668F-4018-8D9F-903C25F61313}"
EndProject
Project("{FAE04EC0-301F-11D3-BF4B-00C04F79EFBC}") = "BookLibrary.WebApp", "BookLibrary.WebApp\BookLibrary.WebApp.csproj", "{50B2DF4F-C892-4B1A-8C61-11DB8183B754}"
EndProject
Global
	GlobalSection(SolutionConfigurationPlatforms) = preSolution
		Debug|Any CPU = Debug|Any CPU
		Release|Any CPU = Release|Any CPU
	EndGlobalSection
	GlobalSection(ProjectConfigurationPlatforms) = postSolution
		{3E6F6285-9003-4297-BAB2-11243D79915B}.Debug|Any CPU.ActiveCfg = Debug|Any CPU
		{3E6F6285-9003-4297-BAB2-11243D79915B}.Debug|Any CPU.Build.0 = Debug|Any CPU
		{3E6F6285-9003-4297-BAB2-11243D79915B}.Release|Any CPU.ActiveCfg = Release|Any CPU
		{3E6F6285-9003-4297-BAB2-11243D79915B}.Release|Any CPU.Build.0 = Release|Any CPU
		{F249747A-668F-4018-8D9F-903C25F61313}.Debug|Any CPU.ActiveCfg = Debug|Any CPU
		{F249747A-668F-4018-8D9F-903C25F61313}.Debug|Any CPU.Build.0 = Debug|Any CPU
		{F249747A-668F-4018-8D9F-903C25F61313}.Release|Any CPU.ActiveCfg = Release|Any CPU
		{F249747A-668F-4018-8D9F-903C25F61313}.Release|Any CPU.Build.0 = Release|Any CPU
		{50B2DF4F-C892-4B1A-8C61-11DB8183B754}.Debug|Any CPU.ActiveCfg = Debug|Any CPU
		{50B2DF4F-C892-4B1A-8C61-11DB8183B754}.Debug|Any CPU.Build.0 = Debug|Any CPU
		{50B2DF4F-C892-4B1A-8C61-11DB8183B754}.Release|Any CPU.ActiveCfg = Release|Any CPU
		{50B2DF4F-C892-4B1A-8C61-11DB8183B754}.Release|Any CPU.Build.0 = Release|Any CPU
	EndGlobalSection
	GlobalSection(SolutionProperties) = preSolution
		HideSolutionNode = FALSE
	EndGlobalSection
	GlobalSection(ExtensibilityGlobals) = postSolution
		SolutionGuid = {DD8E0425-6E2F-400C-B269-8D4540E681FB}
	EndGlobalSection
EndGlobal
